
Microsoft Visual Studio Solution File, Format Version 12.00
# Visual Studio Version 17
VisualStudioVersion = 17.9.34728.123
MinimumVisualStudioVersion = 10.0.40219.1
Project("{FAE04EC0-301F-11D3-BF4B-00C04F79EFBC}") = "E_Learning_Project_final", "E_Learning_Project_final.csproj", "{40FE86F7-3AF7-458C-A122-334940B27311}"
EndProject
Global
	GlobalSection(SolutionConfigurationPlatforms) = preSolution
		Debug|Any CPU = Debug|Any CPU
		Release|Any CPU = Release|Any CPU
	EndGlobalSection
	GlobalSection(ProjectConfigurationPlatforms) = postSolution
		{40FE86F7-3AF7-458C-A122-334940B27311}.Debug|Any CPU.ActiveCfg = Debug|Any CPU
		{40FE86F7-3AF7-458C-A122-334940B27311}.Debug|Any CPU.Build.0 = Debug|Any CPU
		{40FE86F7-3AF7-458C-A122-334940B27311}.Release|Any CPU.ActiveCfg = Release|Any CPU
		{40FE86F7-3AF7-458C-A122-334940B27311}.Release|Any CPU.Build.0 = Release|Any CPU
	EndGlobalSection
	GlobalSection(SolutionProperties) = preSolution
		HideSolutionNode = FALSE
	EndGlobalSection
	GlobalSection(ExtensibilityGlobals) = postSolution
		SolutionGuid = {5F4B1E4D-10D1-410D-B74F-542B88124983}
	EndGlobalSection
EndGlobal
